
Microsoft Visual Studio Solution File, Format Version 12.00
# Visual Studio Version 16
VisualStudioVersion = 16.0.30907.101
MinimumVisualStudioVersion = 10.0.40219.1
Project("{2150E333-8FDC-42A3-9474-1A3956D46DE8}") = "API", "API", "{4F02473B-F2BC-4DC6-B59D-891D1D931B8A}"
EndProject
Project("{2150E333-8FDC-42A3-9474-1A3956D46DE8}") = "Common", "Common", "{6A852D8B-B500-410B-8D7B-A2F8EA2E125A}"
EndProject
Project("{2150E333-8FDC-42A3-9474-1A3956D46DE8}") = "GUI", "GUI", "{F47BEA15-BDCF-4EE4-BFA0-B9414E9C90E1}"
EndProject
Project("{9A19103F-16F7-4668-BE54-9A1E7A4F7556}") = "mySimpleMessageService.API", "API\mySimpleMessageService.API\mySimpleMessageService.API.csproj", "{F59145F1-D40B-4D0A-AD45-C2909D20AF7D}"
EndProject
Project("{9A19103F-16F7-4668-BE54-9A1E7A4F7556}") = "mySimpleMessageService.Common", "Common\mySimpleMessageService.Common\mySimpleMessageService.Common.csproj", "{A4573090-1E39-4554-9D63-534B4F0A8660}"
EndProject
Project("{9A19103F-16F7-4668-BE54-9A1E7A4F7556}") = "mySimpleMessageService.Persistance", "API\Persistance\mySimpleMessageService.Persistance.csproj", "{6866312C-77AA-4C00-B901-4A2D16B2D868}"
EndProject
Project("{9A19103F-16F7-4668-BE54-9A1E7A4F7556}") = "mySimpleMessageService.Domain", "API\mySimpleMessageService.Domain\mySimpleMessageService.Domain.csproj", "{5E052F26-69CB-443D-9B15-3897C16C9FD1}"
EndProject
Project("{FAE04EC0-301F-11D3-BF4B-00C04F79EFBC}") = "mySimpleMessageService.Tests", "Common\mySimpleMessageService.Tests\mySimpleMessageService.Tests.csproj", "{166A6460-98E9-4A98-ADDC-F3A7EBD7597C}"
EndProject
Global
	GlobalSection(SolutionConfigurationPlatforms) = preSolution
		Debug|Any CPU = Debug|Any CPU
		Release|Any CPU = Release|Any CPU
	EndGlobalSection
	GlobalSection(ProjectConfigurationPlatforms) = postSolution
		{F59145F1-D40B-4D0A-AD45-C2909D20AF7D}.Debug|Any CPU.ActiveCfg = Debug|Any CPU
		{F59145F1-D40B-4D0A-AD45-C2909D20AF7D}.Debug|Any CPU.Build.0 = Debug|Any CPU
		{F59145F1-D40B-4D0A-AD45-C2909D20AF7D}.Release|Any CPU.ActiveCfg = Release|Any CPU
		{F59145F1-D40B-4D0A-AD45-C2909D20AF7D}.Release|Any CPU.Build.0 = Release|Any CPU
		{A4573090-1E39-4554-9D63-534B4F0A8660}.Debug|Any CPU.ActiveCfg = Debug|Any CPU
		{A4573090-1E39-4554-9D63-534B4F0A8660}.Debug|Any CPU.Build.0 = Debug|Any CPU
		{A4573090-1E39-4554-9D63-534B4F0A8660}.Release|Any CPU.ActiveCfg = Release|Any CPU
		{A4573090-1E39-4554-9D63-534B4F0A8660}.Release|Any CPU.Build.0 = Release|Any CPU
		{6866312C-77AA-4C00-B901-4A2D16B2D868}.Debug|Any CPU.ActiveCfg = Debug|Any CPU
		{6866312C-77AA-4C00-B901-4A2D16B2D868}.Debug|Any CPU.Build.0 = Debug|Any CPU
		{6866312C-77AA-4C00-B901-4A2D16B2D868}.Release|Any CPU.ActiveCfg = Release|Any CPU
		{6866312C-77AA-4C00-B901-4A2D16B2D868}.Release|Any CPU.Build.0 = Release|Any CPU
		{5E052F26-69CB-443D-9B15-3897C16C9FD1}.Debug|Any CPU.ActiveCfg = Debug|Any CPU
		{5E052F26-69CB-443D-9B15-3897C16C9FD1}.Debug|Any CPU.Build.0 = Debug|Any CPU
		{5E052F26-69CB-443D-9B15-3897C16C9FD1}.Release|Any CPU.ActiveCfg = Release|Any CPU
		{5E052F26-69CB-443D-9B15-3897C16C9FD1}.Release|Any CPU.Build.0 = Release|Any CPU
		{166A6460-98E9-4A98-ADDC-F3A7EBD7597C}.Debug|Any CPU.ActiveCfg = Debug|Any CPU
		{166A6460-98E9-4A98-ADDC-F3A7EBD7597C}.Debug|Any CPU.Build.0 = Debug|Any CPU
		{166A6460-98E9-4A98-ADDC-F3A7EBD7597C}.Release|Any CPU.ActiveCfg = Release|Any CPU
		{166A6460-98E9-4A98-ADDC-F3A7EBD7597C}.Release|Any CPU.Build.0 = Release|Any CPU
	EndGlobalSection
	GlobalSection(SolutionProperties) = preSolution
		HideSolutionNode = FALSE
	EndGlobalSection
	GlobalSection(NestedProjects) = preSolution
		{F59145F1-D40B-4D0A-AD45-C2909D20AF7D} = {4F02473B-F2BC-4DC6-B59D-891D1D931B8A}
		{A4573090-1E39-4554-9D63-534B4F0A8660} = {6A852D8B-B500-410B-8D7B-A2F8EA2E125A}
		{6866312C-77AA-4C00-B901-4A2D16B2D868} = {4F02473B-F2BC-4DC6-B59D-891D1D931B8A}
		{5E052F26-69CB-443D-9B15-3897C16C9FD1} = {4F02473B-F2BC-4DC6-B59D-891D1D931B8A}
		{166A6460-98E9-4A98-ADDC-F3A7EBD7597C} = {6A852D8B-B500-410B-8D7B-A2F8EA2E125A}
	EndGlobalSection
	GlobalSection(ExtensibilityGlobals) = postSolution
		SolutionGuid = {B764FA0A-9411-4797-B293-F4F1A710C775}
	EndGlobalSection
EndGlobal
